
Microsoft Visual Studio Solution File, Format Version 12.00
# Visual Studio Version 16
VisualStudioVersion = 16.0.31410.357
MinimumVisualStudioVersion = 10.0.40219.1
Project("{9A19103F-16F7-4668-BE54-9A1E7A4F7556}") = "ExExT01.PipesInPool", "ExExT01.PipesInPool.csproj", "{25E48C7F-CDAA-4A23-A542-17DC4E479648}"
EndProject
Project("{9A19103F-16F7-4668-BE54-9A1E7A4F7556}") = "ExExT02.SleepyTomCat", "..\ExExT02.SleepyTomCat\ExExT02.SleepyTomCat.csproj", "{A32A536A-4777-4464-9CA1-0AC29B8E9CAB}"
EndProject
Project("{9A19103F-16F7-4668-BE54-9A1E7A4F7556}") = "ExExT03.Harvest", "..\ExExT03.Harvest\ExExT03.Harvest.csproj", "{47616D98-9EF8-4DB6-955B-1B8E07869BDB}"
EndProject
Project("{9A19103F-16F7-4668-BE54-9A1E7A4F7556}") = "ExExT04.TransportPrice", "..\ExExT04.TransportPrice\ExExT04.TransportPrice.csproj", "{D61D5E4D-5811-4A48-8258-4D6BCD7D8AAF}"
EndProject
Project("{9A19103F-16F7-4668-BE54-9A1E7A4F7556}") = "ExExT08.FuelTank", "..\ExExT08.FuelTank\ExExT08.FuelTank.csproj", "{F7405E0B-3D0B-4A67-9532-7CD877E7EE10}"
EndProject
Project("{FAE04EC0-301F-11D3-BF4B-00C04F79EFBC}") = "ExExT08.FuelTankPartTwo", "..\ExExT08.FuelTankPartTwo\ExExT08.FuelTankPartTwo.csproj", "{B15A2E9B-B9DF-41BA-B6C5-F17A025526F2}"
EndProject
Project("{FAE04EC0-301F-11D3-BF4B-00C04F79EFBC}") = "ExExT05.Firm", "..\ExExT05.Firm\ExExT05.Firm.csproj", "{68FDD77E-3CFB-400D-BC87-0A8521215F12}"
EndProject
Project("{FAE04EC0-301F-11D3-BF4B-00C04F79EFBC}") = "ExExT06.Pets", "..\ExExT06.Pets\ExExT06.Pets.csproj", "{766F55D9-B7D4-43BC-A1D4-7455BAA40CBF}"
EndProject
Project("{FAE04EC0-301F-11D3-BF4B-00C04F79EFBC}") = "ExExT07.FlowerShop", "..\ExExT07.FlowerShop\ExExT07.FlowerShop.csproj", "{29061B88-1E8E-4224-B7B7-FD05829CE00E}"
EndProject
Global
	GlobalSection(SolutionConfigurationPlatforms) = preSolution
		Debug|Any CPU = Debug|Any CPU
		Release|Any CPU = Release|Any CPU
	EndGlobalSection
	GlobalSection(ProjectConfigurationPlatforms) = postSolution
		{25E48C7F-CDAA-4A23-A542-17DC4E479648}.Debug|Any CPU.ActiveCfg = Debug|Any CPU
		{25E48C7F-CDAA-4A23-A542-17DC4E479648}.Debug|Any CPU.Build.0 = Debug|Any CPU
		{25E48C7F-CDAA-4A23-A542-17DC4E479648}.Release|Any CPU.ActiveCfg = Release|Any CPU
		{25E48C7F-CDAA-4A23-A542-17DC4E479648}.Release|Any CPU.Build.0 = Release|Any CPU
		{A32A536A-4777-4464-9CA1-0AC29B8E9CAB}.Debug|Any CPU.ActiveCfg = Debug|Any CPU
		{A32A536A-4777-4464-9CA1-0AC29B8E9CAB}.Debug|Any CPU.Build.0 = Debug|Any CPU
		{A32A536A-4777-4464-9CA1-0AC29B8E9CAB}.Release|Any CPU.ActiveCfg = Release|Any CPU
		{A32A536A-4777-4464-9CA1-0AC29B8E9CAB}.Release|Any CPU.Build.0 = Release|Any CPU
		{47616D98-9EF8-4DB6-955B-1B8E07869BDB}.Debug|Any CPU.ActiveCfg = Debug|Any CPU
		{47616D98-9EF8-4DB6-955B-1B8E07869BDB}.Debug|Any CPU.Build.0 = Debug|Any CPU
		{47616D98-9EF8-4DB6-955B-1B8E07869BDB}.Release|Any CPU.ActiveCfg = Release|Any CPU
		{47616D98-9EF8-4DB6-955B-1B8E07869BDB}.Release|Any CPU.Build.0 = Release|Any CPU
		{D61D5E4D-5811-4A48-8258-4D6BCD7D8AAF}.Debug|Any CPU.ActiveCfg = Debug|Any CPU
		{D61D5E4D-5811-4A48-8258-4D6BCD7D8AAF}.Debug|Any CPU.Build.0 = Debug|Any CPU
		{D61D5E4D-5811-4A48-8258-4D6BCD7D8AAF}.Release|Any CPU.ActiveCfg = Release|Any CPU
		{D61D5E4D-5811-4A48-8258-4D6BCD7D8AAF}.Release|Any CPU.Build.0 = Release|Any CPU
		{F7405E0B-3D0B-4A67-9532-7CD877E7EE10}.Debug|Any CPU.ActiveCfg = Debug|Any CPU
		{F7405E0B-3D0B-4A67-9532-7CD877E7EE10}.Debug|Any CPU.Build.0 = Debug|Any CPU
		{F7405E0B-3D0B-4A67-9532-7CD877E7EE10}.Release|Any CPU.ActiveCfg = Release|Any CPU
		{F7405E0B-3D0B-4A67-9532-7CD877E7EE10}.Release|Any CPU.Build.0 = Release|Any CPU
		{B15A2E9B-B9DF-41BA-B6C5-F17A025526F2}.Debug|Any CPU.ActiveCfg = Debug|Any CPU
		{B15A2E9B-B9DF-41BA-B6C5-F17A025526F2}.Debug|Any CPU.Build.0 = Debug|Any CPU
		{B15A2E9B-B9DF-41BA-B6C5-F17A025526F2}.Release|Any CPU.ActiveCfg = Release|Any CPU
		{B15A2E9B-B9DF-41BA-B6C5-F17A025526F2}.Release|Any CPU.Build.0 = Release|Any CPU
		{68FDD77E-3CFB-400D-BC87-0A8521215F12}.Debug|Any CPU.ActiveCfg = Debug|Any CPU
		{68FDD77E-3CFB-400D-BC87-0A8521215F12}.Debug|Any CPU.Build.0 = Debug|Any CPU
		{68FDD77E-3CFB-400D-BC87-0A8521215F12}.Release|Any CPU.ActiveCfg = Release|Any CPU
		{68FDD77E-3CFB-400D-BC87-0A8521215F12}.Release|Any CPU.Build.0 = Release|Any CPU
		{766F55D9-B7D4-43BC-A1D4-7455BAA40CBF}.Debug|Any CPU.ActiveCfg = Debug|Any CPU
		{766F55D9-B7D4-43BC-A1D4-7455BAA40CBF}.Debug|Any CPU.Build.0 = Debug|Any CPU
		{766F55D9-B7D4-43BC-A1D4-7455BAA40CBF}.Release|Any CPU.ActiveCfg = Release|Any CPU
		{766F55D9-B7D4-43BC-A1D4-7455BAA40CBF}.Release|Any CPU.Build.0 = Release|Any CPU
		{29061B88-1E8E-4224-B7B7-FD05829CE00E}.Debug|Any CPU.ActiveCfg = Debug|Any CPU
		{29061B88-1E8E-4224-B7B7-FD05829CE00E}.Debug|Any CPU.Build.0 = Debug|Any CPU
		{29061B88-1E8E-4224-B7B7-FD05829CE00E}.Release|Any CPU.ActiveCfg = Release|Any CPU
		{29061B88-1E8E-4224-B7B7-FD05829CE00E}.Release|Any CPU.Build.0 = Release|Any CPU
	EndGlobalSection
	GlobalSection(SolutionProperties) = preSolution
		HideSolutionNode = FALSE
	EndGlobalSection
	GlobalSection(ExtensibilityGlobals) = postSolution
		SolutionGuid = {C41C10B8-728C-41AE-BA0E-A52E85EA9852}
	EndGlobalSection
EndGlobal
