
Microsoft Visual Studio Solution File, Format Version 12.00
# Visual Studio Version 16
VisualStudioVersion = 16.0.31702.278
MinimumVisualStudioVersion = 10.0.40219.1
Project("{9A19103F-16F7-4668-BE54-9A1E7A4F7556}") = "LabT01.CountRealNumbers", "LabT01.CountRealNumbers\LabT01.CountRealNumbers.csproj", "{F10B103B-3062-4B60-B0BF-50951D03DA6E}"
EndProject
Project("{9A19103F-16F7-4668-BE54-9A1E7A4F7556}") = "LabT02.OddOccurrences", "LabT02.OddOccurrences\LabT02.OddOccurrences.csproj", "{35CFCF8A-6094-4BCC-A17D-C5C03B57E91C}"
EndProject
Project("{FAE04EC0-301F-11D3-BF4B-00C04F79EFBC}") = "LabT03.WordSynonyms", "LabT03.WordSynonyms\LabT03.WordSynonyms.csproj", "{1E3AA79D-5B2C-4859-AEA0-F44F93116C83}"
EndProject
Project("{FAE04EC0-301F-11D3-BF4B-00C04F79EFBC}") = "LabT04.Largest3Numbers", "LabT04.Largest3Numbers\LabT04.Largest3Numbers.csproj", "{40ED557F-5861-4FCD-89CB-E317634AC2E3}"
EndProject
Project("{FAE04EC0-301F-11D3-BF4B-00C04F79EFBC}") = "LabT05.WordFilter", "LabT05.WordFilter\LabT05.WordFilter.csproj", "{33DF8AC0-DEA6-4D2C-A75A-BDF5E546ACC5}"
EndProject
Global
	GlobalSection(SolutionConfigurationPlatforms) = preSolution
		Debug|Any CPU = Debug|Any CPU
		Release|Any CPU = Release|Any CPU
	EndGlobalSection
	GlobalSection(ProjectConfigurationPlatforms) = postSolution
		{F10B103B-3062-4B60-B0BF-50951D03DA6E}.Debug|Any CPU.ActiveCfg = Debug|Any CPU
		{F10B103B-3062-4B60-B0BF-50951D03DA6E}.Debug|Any CPU.Build.0 = Debug|Any CPU
		{F10B103B-3062-4B60-B0BF-50951D03DA6E}.Release|Any CPU.ActiveCfg = Release|Any CPU
		{F10B103B-3062-4B60-B0BF-50951D03DA6E}.Release|Any CPU.Build.0 = Release|Any CPU
		{35CFCF8A-6094-4BCC-A17D-C5C03B57E91C}.Debug|Any CPU.ActiveCfg = Debug|Any CPU
		{35CFCF8A-6094-4BCC-A17D-C5C03B57E91C}.Debug|Any CPU.Build.0 = Debug|Any CPU
		{35CFCF8A-6094-4BCC-A17D-C5C03B57E91C}.Release|Any CPU.ActiveCfg = Release|Any CPU
		{35CFCF8A-6094-4BCC-A17D-C5C03B57E91C}.Release|Any CPU.Build.0 = Release|Any CPU
		{1E3AA79D-5B2C-4859-AEA0-F44F93116C83}.Debug|Any CPU.ActiveCfg = Debug|Any CPU
		{1E3AA79D-5B2C-4859-AEA0-F44F93116C83}.Debug|Any CPU.Build.0 = Debug|Any CPU
		{1E3AA79D-5B2C-4859-AEA0-F44F93116C83}.Release|Any CPU.ActiveCfg = Release|Any CPU
		{1E3AA79D-5B2C-4859-AEA0-F44F93116C83}.Release|Any CPU.Build.0 = Release|Any CPU
		{40ED557F-5861-4FCD-89CB-E317634AC2E3}.Debug|Any CPU.ActiveCfg = Debug|Any CPU
		{40ED557F-5861-4FCD-89CB-E317634AC2E3}.Debug|Any CPU.Build.0 = Debug|Any CPU
		{40ED557F-5861-4FCD-89CB-E317634AC2E3}.Release|Any CPU.ActiveCfg = Release|Any CPU
		{40ED557F-5861-4FCD-89CB-E317634AC2E3}.Release|Any CPU.Build.0 = Release|Any CPU
		{33DF8AC0-DEA6-4D2C-A75A-BDF5E546ACC5}.Debug|Any CPU.ActiveCfg = Debug|Any CPU
		{33DF8AC0-DEA6-4D2C-A75A-BDF5E546ACC5}.Debug|Any CPU.Build.0 = Debug|Any CPU
		{33DF8AC0-DEA6-4D2C-A75A-BDF5E546ACC5}.Release|Any CPU.ActiveCfg = Release|Any CPU
		{33DF8AC0-DEA6-4D2C-A75A-BDF5E546ACC5}.Release|Any CPU.Build.0 = Release|Any CPU
	EndGlobalSection
	GlobalSection(SolutionProperties) = preSolution
		HideSolutionNode = FALSE
	EndGlobalSection
	GlobalSection(ExtensibilityGlobals) = postSolution
		SolutionGuid = {D4E9480C-3E78-4A79-8FB9-D3781B1390D0}
	EndGlobalSection
EndGlobal
