
Microsoft Visual Studio Solution File, Format Version 12.00
# Visual Studio Version 16
VisualStudioVersion = 16.0.31410.357
MinimumVisualStudioVersion = 10.0.40219.1
Project("{9A19103F-16F7-4668-BE54-9A1E7A4F7556}") = "ExT01.SumSeconds", "ExT01.SumSeconds.csproj", "{DA668011-CCB6-4F51-B3BD-6C33F00473D1}"
EndProject
Project("{FAE04EC0-301F-11D3-BF4B-00C04F79EFBC}") = "ExT02.BonusScore", "..\ExT02.BonusScore\ExT02.BonusScore.csproj", "{65AFB1D0-6C2B-46CF-B55D-16DA7E6F432F}"
EndProject
Project("{FAE04EC0-301F-11D3-BF4B-00C04F79EFBC}") = "ExT03.SpeedInfo", "..\ExT03.SpeedInfo\ExT03.SpeedInfo.csproj", "{FD35C6D4-A221-474C-B9AE-898458649D49}"
EndProject
Project("{FAE04EC0-301F-11D3-BF4B-00C04F79EFBC}") = "ExT04 MetricConverter", "..\ExT04 MetricConverter\ExT04 MetricConverter.csproj", "{C764570D-F305-4CC0-A751-930A093EFDD5}"
EndProject
Project("{FAE04EC0-301F-11D3-BF4B-00C04F79EFBC}") = "ExT05.TimePlusFifteenMinutes", "..\ExT05.TimePlusFifteenMinutes\ExT05.TimePlusFifteenMinutes.csproj", "{1CCB449D-119B-4E44-A509-AC944EEFC4D0}"
EndProject
Project("{FAE04EC0-301F-11D3-BF4B-00C04F79EFBC}") = "ExT06.GodzillaVsKong", "..\ExT06.GodzillaVsKong\ExT06.GodzillaVsKong.csproj", "{6FDFFF30-4013-4CF1-89F7-DB68189B0B89}"
EndProject
Project("{FAE04EC0-301F-11D3-BF4B-00C04F79EFBC}") = "ExT07.WorldSwimmingRecord", "..\ExT07.WorldSwimmingRecord\ExT07.WorldSwimmingRecord.csproj", "{7AEF4032-FD50-4649-A616-0858F9874572}"
EndProject
Global
	GlobalSection(SolutionConfigurationPlatforms) = preSolution
		Debug|Any CPU = Debug|Any CPU
		Release|Any CPU = Release|Any CPU
	EndGlobalSection
	GlobalSection(ProjectConfigurationPlatforms) = postSolution
		{DA668011-CCB6-4F51-B3BD-6C33F00473D1}.Debug|Any CPU.ActiveCfg = Debug|Any CPU
		{DA668011-CCB6-4F51-B3BD-6C33F00473D1}.Debug|Any CPU.Build.0 = Debug|Any CPU
		{DA668011-CCB6-4F51-B3BD-6C33F00473D1}.Release|Any CPU.ActiveCfg = Release|Any CPU
		{DA668011-CCB6-4F51-B3BD-6C33F00473D1}.Release|Any CPU.Build.0 = Release|Any CPU
		{65AFB1D0-6C2B-46CF-B55D-16DA7E6F432F}.Debug|Any CPU.ActiveCfg = Debug|Any CPU
		{65AFB1D0-6C2B-46CF-B55D-16DA7E6F432F}.Debug|Any CPU.Build.0 = Debug|Any CPU
		{65AFB1D0-6C2B-46CF-B55D-16DA7E6F432F}.Release|Any CPU.ActiveCfg = Release|Any CPU
		{65AFB1D0-6C2B-46CF-B55D-16DA7E6F432F}.Release|Any CPU.Build.0 = Release|Any CPU
		{FD35C6D4-A221-474C-B9AE-898458649D49}.Debug|Any CPU.ActiveCfg = Debug|Any CPU
		{FD35C6D4-A221-474C-B9AE-898458649D49}.Debug|Any CPU.Build.0 = Debug|Any CPU
		{FD35C6D4-A221-474C-B9AE-898458649D49}.Release|Any CPU.ActiveCfg = Release|Any CPU
		{FD35C6D4-A221-474C-B9AE-898458649D49}.Release|Any CPU.Build.0 = Release|Any CPU
		{C764570D-F305-4CC0-A751-930A093EFDD5}.Debug|Any CPU.ActiveCfg = Debug|Any CPU
		{C764570D-F305-4CC0-A751-930A093EFDD5}.Debug|Any CPU.Build.0 = Debug|Any CPU
		{C764570D-F305-4CC0-A751-930A093EFDD5}.Release|Any CPU.ActiveCfg = Release|Any CPU
		{C764570D-F305-4CC0-A751-930A093EFDD5}.Release|Any CPU.Build.0 = Release|Any CPU
		{1CCB449D-119B-4E44-A509-AC944EEFC4D0}.Debug|Any CPU.ActiveCfg = Debug|Any CPU
		{1CCB449D-119B-4E44-A509-AC944EEFC4D0}.Debug|Any CPU.Build.0 = Debug|Any CPU
		{1CCB449D-119B-4E44-A509-AC944EEFC4D0}.Release|Any CPU.ActiveCfg = Release|Any CPU
		{1CCB449D-119B-4E44-A509-AC944EEFC4D0}.Release|Any CPU.Build.0 = Release|Any CPU
		{6FDFFF30-4013-4CF1-89F7-DB68189B0B89}.Debug|Any CPU.ActiveCfg = Debug|Any CPU
		{6FDFFF30-4013-4CF1-89F7-DB68189B0B89}.Debug|Any CPU.Build.0 = Debug|Any CPU
		{6FDFFF30-4013-4CF1-89F7-DB68189B0B89}.Release|Any CPU.ActiveCfg = Release|Any CPU
		{6FDFFF30-4013-4CF1-89F7-DB68189B0B89}.Release|Any CPU.Build.0 = Release|Any CPU
		{7AEF4032-FD50-4649-A616-0858F9874572}.Debug|Any CPU.ActiveCfg = Debug|Any CPU
		{7AEF4032-FD50-4649-A616-0858F9874572}.Debug|Any CPU.Build.0 = Debug|Any CPU
		{7AEF4032-FD50-4649-A616-0858F9874572}.Release|Any CPU.ActiveCfg = Release|Any CPU
		{7AEF4032-FD50-4649-A616-0858F9874572}.Release|Any CPU.Build.0 = Release|Any CPU
	EndGlobalSection
	GlobalSection(SolutionProperties) = preSolution
		HideSolutionNode = FALSE
	EndGlobalSection
	GlobalSection(ExtensibilityGlobals) = postSolution
		SolutionGuid = {D8CB7F3B-DBA9-4540-8E3A-8F0D1DAEA878}
	EndGlobalSection
EndGlobal
