
Microsoft Visual Studio Solution File, Format Version 12.00
# Visual Studio Version 16
VisualStudioVersion = 16.0.31410.357
MinimumVisualStudioVersion = 10.0.40219.1
Project("{9A19103F-16F7-4668-BE54-9A1E7A4F7556}") = "T01.ChangeBureau", "..\T01.ChangeBureau\T01.ChangeBureau.csproj", "{D6531553-B5EE-469F-9C6E-75DABA99A3C1}"
EndProject
Project("{FAE04EC0-301F-11D3-BF4B-00C04F79EFBC}") = "T01.SuppliesForSchool", "T01.SuppliesForSchool\T01.SuppliesForSchool.csproj", "{A22F29E5-14A1-40CE-A3D8-B98A39943DAF}"
EndProject
Project("{FAE04EC0-301F-11D3-BF4B-00C04F79EFBC}") = "T02.CatWalking", "T02.CatWalking\T02.CatWalking.csproj", "{08099965-932C-4DF8-B3E8-24E14A436F4F}"
EndProject
Project("{FAE04EC0-301F-11D3-BF4B-00C04F79EFBC}") = "T02.MountainRun", "T02.MountainRun\T02.MountainRun.csproj", "{BF4B9717-E432-4F46-9E99-66EBD466C69C}"
EndProject
Project("{FAE04EC0-301F-11D3-BF4B-00C04F79EFBC}") = "T03.EnergyBooster", "T03.EnergyBooster\T03.EnergyBooster.csproj", "{AAD3CFF6-E17C-4C32-BD39-F539F364BC8F}"
EndProject
Project("{FAE04EC0-301F-11D3-BF4B-00C04F79EFBC}") = "T03.FitnessCard", "T03.FitnessCard\T03.FitnessCard.csproj", "{7C85D252-1022-4F81-9EF6-6D9654B1252D}"
EndProject
Project("{FAE04EC0-301F-11D3-BF4B-00C04F79EFBC}") = "T04.FoodForPets", "T04.FoodForPets\T04.FoodForPets.csproj", "{D7FFE8CB-F02E-449A-9B35-85D83A2C0B1B}"
EndProject
Project("{FAE04EC0-301F-11D3-BF4B-00C04F79EFBC}") = "T04.TrekkingMania", "T04.TrekkingMania\T04.TrekkingMania.csproj", "{C480363B-13E2-4F9A-AA9D-54AB1D3728FA}"
EndProject
Project("{FAE04EC0-301F-11D3-BF4B-00C04F79EFBC}") = "T05.CareOfPuppy", "T05.CareOfPuppy\T05.CareOfPuppy.csproj", "{BF27290B-2332-421D-8418-D6FA6F3B18A8}"
EndProject
Project("{FAE04EC0-301F-11D3-BF4B-00C04F79EFBC}") = "T05.SuitcasesLoad", "T05.SuitcasesLoad\T05.SuitcasesLoad.csproj", "{949DB4AD-7832-4533-8FC1-747D6000A170}"
EndProject
Project("{FAE04EC0-301F-11D3-BF4B-00C04F79EFBC}") = "T06.TournamentOfChristmas", "T06.TournamentOfChristmas\T06.TournamentOfChristmas.csproj", "{5137A15A-5D32-48C6-8452-166F1E4E3F07}"
EndProject
Global
	GlobalSection(SolutionConfigurationPlatforms) = preSolution
		Debug|Any CPU = Debug|Any CPU
		Release|Any CPU = Release|Any CPU
	EndGlobalSection
	GlobalSection(ProjectConfigurationPlatforms) = postSolution
		{D6531553-B5EE-469F-9C6E-75DABA99A3C1}.Debug|Any CPU.ActiveCfg = Debug|Any CPU
		{D6531553-B5EE-469F-9C6E-75DABA99A3C1}.Debug|Any CPU.Build.0 = Debug|Any CPU
		{D6531553-B5EE-469F-9C6E-75DABA99A3C1}.Release|Any CPU.ActiveCfg = Release|Any CPU
		{D6531553-B5EE-469F-9C6E-75DABA99A3C1}.Release|Any CPU.Build.0 = Release|Any CPU
		{A22F29E5-14A1-40CE-A3D8-B98A39943DAF}.Debug|Any CPU.ActiveCfg = Debug|Any CPU
		{A22F29E5-14A1-40CE-A3D8-B98A39943DAF}.Debug|Any CPU.Build.0 = Debug|Any CPU
		{A22F29E5-14A1-40CE-A3D8-B98A39943DAF}.Release|Any CPU.ActiveCfg = Release|Any CPU
		{A22F29E5-14A1-40CE-A3D8-B98A39943DAF}.Release|Any CPU.Build.0 = Release|Any CPU
		{08099965-932C-4DF8-B3E8-24E14A436F4F}.Debug|Any CPU.ActiveCfg = Debug|Any CPU
		{08099965-932C-4DF8-B3E8-24E14A436F4F}.Debug|Any CPU.Build.0 = Debug|Any CPU
		{08099965-932C-4DF8-B3E8-24E14A436F4F}.Release|Any CPU.ActiveCfg = Release|Any CPU
		{08099965-932C-4DF8-B3E8-24E14A436F4F}.Release|Any CPU.Build.0 = Release|Any CPU
		{BF4B9717-E432-4F46-9E99-66EBD466C69C}.Debug|Any CPU.ActiveCfg = Debug|Any CPU
		{BF4B9717-E432-4F46-9E99-66EBD466C69C}.Debug|Any CPU.Build.0 = Debug|Any CPU
		{BF4B9717-E432-4F46-9E99-66EBD466C69C}.Release|Any CPU.ActiveCfg = Release|Any CPU
		{BF4B9717-E432-4F46-9E99-66EBD466C69C}.Release|Any CPU.Build.0 = Release|Any CPU
		{AAD3CFF6-E17C-4C32-BD39-F539F364BC8F}.Debug|Any CPU.ActiveCfg = Debug|Any CPU
		{AAD3CFF6-E17C-4C32-BD39-F539F364BC8F}.Debug|Any CPU.Build.0 = Debug|Any CPU
		{AAD3CFF6-E17C-4C32-BD39-F539F364BC8F}.Release|Any CPU.ActiveCfg = Release|Any CPU
		{AAD3CFF6-E17C-4C32-BD39-F539F364BC8F}.Release|Any CPU.Build.0 = Release|Any CPU
		{7C85D252-1022-4F81-9EF6-6D9654B1252D}.Debug|Any CPU.ActiveCfg = Debug|Any CPU
		{7C85D252-1022-4F81-9EF6-6D9654B1252D}.Debug|Any CPU.Build.0 = Debug|Any CPU
		{7C85D252-1022-4F81-9EF6-6D9654B1252D}.Release|Any CPU.ActiveCfg = Release|Any CPU
		{7C85D252-1022-4F81-9EF6-6D9654B1252D}.Release|Any CPU.Build.0 = Release|Any CPU
		{D7FFE8CB-F02E-449A-9B35-85D83A2C0B1B}.Debug|Any CPU.ActiveCfg = Debug|Any CPU
		{D7FFE8CB-F02E-449A-9B35-85D83A2C0B1B}.Debug|Any CPU.Build.0 = Debug|Any CPU
		{D7FFE8CB-F02E-449A-9B35-85D83A2C0B1B}.Release|Any CPU.ActiveCfg = Release|Any CPU
		{D7FFE8CB-F02E-449A-9B35-85D83A2C0B1B}.Release|Any CPU.Build.0 = Release|Any CPU
		{C480363B-13E2-4F9A-AA9D-54AB1D3728FA}.Debug|Any CPU.ActiveCfg = Debug|Any CPU
		{C480363B-13E2-4F9A-AA9D-54AB1D3728FA}.Debug|Any CPU.Build.0 = Debug|Any CPU
		{C480363B-13E2-4F9A-AA9D-54AB1D3728FA}.Release|Any CPU.ActiveCfg = Release|Any CPU
		{C480363B-13E2-4F9A-AA9D-54AB1D3728FA}.Release|Any CPU.Build.0 = Release|Any CPU
		{BF27290B-2332-421D-8418-D6FA6F3B18A8}.Debug|Any CPU.ActiveCfg = Debug|Any CPU
		{BF27290B-2332-421D-8418-D6FA6F3B18A8}.Debug|Any CPU.Build.0 = Debug|Any CPU
		{BF27290B-2332-421D-8418-D6FA6F3B18A8}.Release|Any CPU.ActiveCfg = Release|Any CPU
		{BF27290B-2332-421D-8418-D6FA6F3B18A8}.Release|Any CPU.Build.0 = Release|Any CPU
		{949DB4AD-7832-4533-8FC1-747D6000A170}.Debug|Any CPU.ActiveCfg = Debug|Any CPU
		{949DB4AD-7832-4533-8FC1-747D6000A170}.Debug|Any CPU.Build.0 = Debug|Any CPU
		{949DB4AD-7832-4533-8FC1-747D6000A170}.Release|Any CPU.ActiveCfg = Release|Any CPU
		{949DB4AD-7832-4533-8FC1-747D6000A170}.Release|Any CPU.Build.0 = Release|Any CPU
		{5137A15A-5D32-48C6-8452-166F1E4E3F07}.Debug|Any CPU.ActiveCfg = Debug|Any CPU
		{5137A15A-5D32-48C6-8452-166F1E4E3F07}.Debug|Any CPU.Build.0 = Debug|Any CPU
		{5137A15A-5D32-48C6-8452-166F1E4E3F07}.Release|Any CPU.ActiveCfg = Release|Any CPU
		{5137A15A-5D32-48C6-8452-166F1E4E3F07}.Release|Any CPU.Build.0 = Release|Any CPU
	EndGlobalSection
	GlobalSection(SolutionProperties) = preSolution
		HideSolutionNode = FALSE
	EndGlobalSection
	GlobalSection(ExtensibilityGlobals) = postSolution
		SolutionGuid = {180B6DFF-8E36-4986-B866-C19BB8A6ABDD}
	EndGlobalSection
EndGlobal
