
Microsoft Visual Studio Solution File, Format Version 12.00
# Visual Studio Version 16
VisualStudioVersion = 16.0.31410.357
MinimumVisualStudioVersion = 10.0.40219.1
Project("{9A19103F-16F7-4668-BE54-9A1E7A4F7556}") = "T01.PCStore", "T01\T01.PCStore.csproj", "{50744D75-3554-42C9-811B-576D87DBC0A5}"
EndProject
Project("{9A19103F-16F7-4668-BE54-9A1E7A4F7556}") = "T02.DeerOfSanta", "T02\T02.DeerOfSanta.csproj", "{1AD25B18-FBBE-4B8A-95E8-CF0114D333A4}"
EndProject
Project("{9A19103F-16F7-4668-BE54-9A1E7A4F7556}") = "T03.FinalCompetition", "T03\T03.FinalCompetition.csproj", "{F866DB7C-8DA1-40F2-9456-C9A92F2C21D7}"
EndProject
Project("{9A19103F-16F7-4668-BE54-9A1E7A4F7556}") = "T04.GrandpaStavri", "T04\T04.GrandpaStavri.csproj", "{5C5C944E-CC19-4E48-AB33-278A6FCA0C1D}"
EndProject
Project("{9A19103F-16F7-4668-BE54-9A1E7A4F7556}") = "T05.ExcursionSale", "T05\T05.ExcursionSale.csproj", "{868E869C-8979-4429-BCA6-69CB82B07E9A}"
EndProject
Project("{FAE04EC0-301F-11D3-BF4B-00C04F79EFBC}") = "T06.MultiplyTable", "T06.1\T06.MultiplyTable.csproj", "{1D2FF088-3D5B-459D-8F9F-577664CAD452}"
EndProject
Global
	GlobalSection(SolutionConfigurationPlatforms) = preSolution
		Debug|Any CPU = Debug|Any CPU
		Release|Any CPU = Release|Any CPU
	EndGlobalSection
	GlobalSection(ProjectConfigurationPlatforms) = postSolution
		{50744D75-3554-42C9-811B-576D87DBC0A5}.Debug|Any CPU.ActiveCfg = Debug|Any CPU
		{50744D75-3554-42C9-811B-576D87DBC0A5}.Debug|Any CPU.Build.0 = Debug|Any CPU
		{50744D75-3554-42C9-811B-576D87DBC0A5}.Release|Any CPU.ActiveCfg = Release|Any CPU
		{50744D75-3554-42C9-811B-576D87DBC0A5}.Release|Any CPU.Build.0 = Release|Any CPU
		{1AD25B18-FBBE-4B8A-95E8-CF0114D333A4}.Debug|Any CPU.ActiveCfg = Debug|Any CPU
		{1AD25B18-FBBE-4B8A-95E8-CF0114D333A4}.Debug|Any CPU.Build.0 = Debug|Any CPU
		{1AD25B18-FBBE-4B8A-95E8-CF0114D333A4}.Release|Any CPU.ActiveCfg = Release|Any CPU
		{1AD25B18-FBBE-4B8A-95E8-CF0114D333A4}.Release|Any CPU.Build.0 = Release|Any CPU
		{F866DB7C-8DA1-40F2-9456-C9A92F2C21D7}.Debug|Any CPU.ActiveCfg = Debug|Any CPU
		{F866DB7C-8DA1-40F2-9456-C9A92F2C21D7}.Debug|Any CPU.Build.0 = Debug|Any CPU
		{F866DB7C-8DA1-40F2-9456-C9A92F2C21D7}.Release|Any CPU.ActiveCfg = Release|Any CPU
		{F866DB7C-8DA1-40F2-9456-C9A92F2C21D7}.Release|Any CPU.Build.0 = Release|Any CPU
		{5C5C944E-CC19-4E48-AB33-278A6FCA0C1D}.Debug|Any CPU.ActiveCfg = Debug|Any CPU
		{5C5C944E-CC19-4E48-AB33-278A6FCA0C1D}.Debug|Any CPU.Build.0 = Debug|Any CPU
		{5C5C944E-CC19-4E48-AB33-278A6FCA0C1D}.Release|Any CPU.ActiveCfg = Release|Any CPU
		{5C5C944E-CC19-4E48-AB33-278A6FCA0C1D}.Release|Any CPU.Build.0 = Release|Any CPU
		{868E869C-8979-4429-BCA6-69CB82B07E9A}.Debug|Any CPU.ActiveCfg = Debug|Any CPU
		{868E869C-8979-4429-BCA6-69CB82B07E9A}.Debug|Any CPU.Build.0 = Debug|Any CPU
		{868E869C-8979-4429-BCA6-69CB82B07E9A}.Release|Any CPU.ActiveCfg = Release|Any CPU
		{868E869C-8979-4429-BCA6-69CB82B07E9A}.Release|Any CPU.Build.0 = Release|Any CPU
		{1D2FF088-3D5B-459D-8F9F-577664CAD452}.Debug|Any CPU.ActiveCfg = Debug|Any CPU
		{1D2FF088-3D5B-459D-8F9F-577664CAD452}.Debug|Any CPU.Build.0 = Debug|Any CPU
		{1D2FF088-3D5B-459D-8F9F-577664CAD452}.Release|Any CPU.ActiveCfg = Release|Any CPU
		{1D2FF088-3D5B-459D-8F9F-577664CAD452}.Release|Any CPU.Build.0 = Release|Any CPU
	EndGlobalSection
	GlobalSection(SolutionProperties) = preSolution
		HideSolutionNode = FALSE
	EndGlobalSection
	GlobalSection(ExtensibilityGlobals) = postSolution
		SolutionGuid = {2FDD65D9-F47A-4490-A5DE-CBBF5CCE6240}
	EndGlobalSection
EndGlobal
