
Microsoft Visual Studio Solution File, Format Version 12.00
# Visual Studio Version 16
VisualStudioVersion = 16.0.31410.357
MinimumVisualStudioVersion = 10.0.40219.1
Project("{FAE04EC0-301F-11D3-BF4B-00C04F79EFBC}") = "ExT01.NumbersEndingIn7", "ExT01.NumbersEndingIn7\ExT01.NumbersEndingIn7.csproj", "{69D97DE4-4BAA-417C-B9FA-3177BE7117F9}"
EndProject
Project("{FAE04EC0-301F-11D3-BF4B-00C04F79EFBC}") = "ExT02.HalfSumElement", "ExT02.HalfSumElement\ExT02.HalfSumElement.csproj", "{987485EE-C440-42C8-9CE9-9BDFEA6472EE}"
EndProject
Project("{FAE04EC0-301F-11D3-BF4B-00C04F79EFBC}") = "ExT03.OddEvenPosition", "ExT03.OddEvenPosition\ExT03.OddEvenPosition.csproj", "{BD2FABFA-B262-4C66-A7D1-98F2BA42F3AF}"
EndProject
Project("{FAE04EC0-301F-11D3-BF4B-00C04F79EFBC}") = "ExT04.Histogram", "ExT04.Histogram\ExT04.Histogram.csproj", "{6768162B-8ACE-4AD7-925B-C39C7F5D4A4E}"
EndProject
Project("{FAE04EC0-301F-11D3-BF4B-00C04F79EFBC}") = "ExT05.DivideWithoutRemainder", "ExT05.DivideWithoutRemainder\ExT05.DivideWithoutRemainder.csproj", "{FFED4658-651F-4B01-9BA3-FA360EDCFD13}"
EndProject
Project("{FAE04EC0-301F-11D3-BF4B-00C04F79EFBC}") = "ExT06.Salary", "ExT06.Salary\ExT06.Salary.csproj", "{2AD390A9-B561-4B95-8FDF-8A82D5D62C4D}"
EndProject
Global
	GlobalSection(SolutionConfigurationPlatforms) = preSolution
		Debug|Any CPU = Debug|Any CPU
		Release|Any CPU = Release|Any CPU
	EndGlobalSection
	GlobalSection(ProjectConfigurationPlatforms) = postSolution
		{69D97DE4-4BAA-417C-B9FA-3177BE7117F9}.Debug|Any CPU.ActiveCfg = Debug|Any CPU
		{69D97DE4-4BAA-417C-B9FA-3177BE7117F9}.Debug|Any CPU.Build.0 = Debug|Any CPU
		{69D97DE4-4BAA-417C-B9FA-3177BE7117F9}.Release|Any CPU.ActiveCfg = Release|Any CPU
		{69D97DE4-4BAA-417C-B9FA-3177BE7117F9}.Release|Any CPU.Build.0 = Release|Any CPU
		{987485EE-C440-42C8-9CE9-9BDFEA6472EE}.Debug|Any CPU.ActiveCfg = Debug|Any CPU
		{987485EE-C440-42C8-9CE9-9BDFEA6472EE}.Debug|Any CPU.Build.0 = Debug|Any CPU
		{987485EE-C440-42C8-9CE9-9BDFEA6472EE}.Release|Any CPU.ActiveCfg = Release|Any CPU
		{987485EE-C440-42C8-9CE9-9BDFEA6472EE}.Release|Any CPU.Build.0 = Release|Any CPU
		{BD2FABFA-B262-4C66-A7D1-98F2BA42F3AF}.Debug|Any CPU.ActiveCfg = Debug|Any CPU
		{BD2FABFA-B262-4C66-A7D1-98F2BA42F3AF}.Debug|Any CPU.Build.0 = Debug|Any CPU
		{BD2FABFA-B262-4C66-A7D1-98F2BA42F3AF}.Release|Any CPU.ActiveCfg = Release|Any CPU
		{BD2FABFA-B262-4C66-A7D1-98F2BA42F3AF}.Release|Any CPU.Build.0 = Release|Any CPU
		{6768162B-8ACE-4AD7-925B-C39C7F5D4A4E}.Debug|Any CPU.ActiveCfg = Debug|Any CPU
		{6768162B-8ACE-4AD7-925B-C39C7F5D4A4E}.Debug|Any CPU.Build.0 = Debug|Any CPU
		{6768162B-8ACE-4AD7-925B-C39C7F5D4A4E}.Release|Any CPU.ActiveCfg = Release|Any CPU
		{6768162B-8ACE-4AD7-925B-C39C7F5D4A4E}.Release|Any CPU.Build.0 = Release|Any CPU
		{FFED4658-651F-4B01-9BA3-FA360EDCFD13}.Debug|Any CPU.ActiveCfg = Debug|Any CPU
		{FFED4658-651F-4B01-9BA3-FA360EDCFD13}.Debug|Any CPU.Build.0 = Debug|Any CPU
		{FFED4658-651F-4B01-9BA3-FA360EDCFD13}.Release|Any CPU.ActiveCfg = Release|Any CPU
		{FFED4658-651F-4B01-9BA3-FA360EDCFD13}.Release|Any CPU.Build.0 = Release|Any CPU
		{2AD390A9-B561-4B95-8FDF-8A82D5D62C4D}.Debug|Any CPU.ActiveCfg = Debug|Any CPU
		{2AD390A9-B561-4B95-8FDF-8A82D5D62C4D}.Debug|Any CPU.Build.0 = Debug|Any CPU
		{2AD390A9-B561-4B95-8FDF-8A82D5D62C4D}.Release|Any CPU.ActiveCfg = Release|Any CPU
		{2AD390A9-B561-4B95-8FDF-8A82D5D62C4D}.Release|Any CPU.Build.0 = Release|Any CPU
	EndGlobalSection
	GlobalSection(SolutionProperties) = preSolution
		HideSolutionNode = FALSE
	EndGlobalSection
	GlobalSection(ExtensibilityGlobals) = postSolution
		SolutionGuid = {E1F6B7AF-EA38-41FC-AC52-0D595F3E23D6}
	EndGlobalSection
EndGlobal
