
Microsoft Visual Studio Solution File, Format Version 12.00
# Visual Studio Version 16
VisualStudioVersion = 16.0.31410.357
MinimumVisualStudioVersion = 10.0.40219.1
Project("{9A19103F-16F7-4668-BE54-9A1E7A4F7556}") = "LabT07.ToyShop", "LectureExcercies\LabT07.ToyShop.csproj", "{662A27D7-6497-4D85-AE88-75377776765B}"
EndProject
Project("{9A19103F-16F7-4668-BE54-9A1E7A4F7556}") = "LabT01.ExcellentResult", "LabT01.ExcellentResult\LabT01.ExcellentResult.csproj", "{3ABB9794-462B-4A5E-9E9D-57177949F19A}"
EndProject
Project("{9A19103F-16F7-4668-BE54-9A1E7A4F7556}") = "LabT03.EvenOrOdd", "LabT03.EvenOrOdd\LabT03.EvenOrOdd.csproj", "{D4288E4D-E34B-4953-9198-4A6782138104}"
EndProject
Project("{FAE04EC0-301F-11D3-BF4B-00C04F79EFBC}") = "LabT04. Number100to200", "T04. Number100to200\LabT04. Number100to200.csproj", "{C4D69ABE-51D1-483F-9AEE-BFD7EB5DF6E1}"
EndProject
Project("{FAE04EC0-301F-11D3-BF4B-00C04F79EFBC}") = "LabT02.GreaterNumber", "LabT02.GreaterNumber\LabT02.GreaterNumber.csproj", "{50879523-6CD2-495D-80B9-82C6A2A139C4}"
EndProject
Project("{FAE04EC0-301F-11D3-BF4B-00C04F79EFBC}") = "LabT05.PasswordGuess", "LabT05.PasswordGuess\LabT05.PasswordGuess.csproj", "{AE85270D-6526-4C8E-B482-C26F5CF60930}"
EndProject
Project("{FAE04EC0-301F-11D3-BF4B-00C04F79EFBC}") = "LabT06.AreaOfFigures", "T06.AreaOfFigures\LabT06.AreaOfFigures.csproj", "{A7EE3B2D-FC6E-49F2-A723-BC5E665BDB79}"
EndProject
Global
	GlobalSection(SolutionConfigurationPlatforms) = preSolution
		Debug|Any CPU = Debug|Any CPU
		Release|Any CPU = Release|Any CPU
	EndGlobalSection
	GlobalSection(ProjectConfigurationPlatforms) = postSolution
		{662A27D7-6497-4D85-AE88-75377776765B}.Debug|Any CPU.ActiveCfg = Debug|Any CPU
		{662A27D7-6497-4D85-AE88-75377776765B}.Debug|Any CPU.Build.0 = Debug|Any CPU
		{662A27D7-6497-4D85-AE88-75377776765B}.Release|Any CPU.ActiveCfg = Release|Any CPU
		{662A27D7-6497-4D85-AE88-75377776765B}.Release|Any CPU.Build.0 = Release|Any CPU
		{3ABB9794-462B-4A5E-9E9D-57177949F19A}.Debug|Any CPU.ActiveCfg = Debug|Any CPU
		{3ABB9794-462B-4A5E-9E9D-57177949F19A}.Debug|Any CPU.Build.0 = Debug|Any CPU
		{3ABB9794-462B-4A5E-9E9D-57177949F19A}.Release|Any CPU.ActiveCfg = Release|Any CPU
		{3ABB9794-462B-4A5E-9E9D-57177949F19A}.Release|Any CPU.Build.0 = Release|Any CPU
		{D4288E4D-E34B-4953-9198-4A6782138104}.Debug|Any CPU.ActiveCfg = Debug|Any CPU
		{D4288E4D-E34B-4953-9198-4A6782138104}.Debug|Any CPU.Build.0 = Debug|Any CPU
		{D4288E4D-E34B-4953-9198-4A6782138104}.Release|Any CPU.ActiveCfg = Release|Any CPU
		{D4288E4D-E34B-4953-9198-4A6782138104}.Release|Any CPU.Build.0 = Release|Any CPU
		{C4D69ABE-51D1-483F-9AEE-BFD7EB5DF6E1}.Debug|Any CPU.ActiveCfg = Debug|Any CPU
		{C4D69ABE-51D1-483F-9AEE-BFD7EB5DF6E1}.Debug|Any CPU.Build.0 = Debug|Any CPU
		{C4D69ABE-51D1-483F-9AEE-BFD7EB5DF6E1}.Release|Any CPU.ActiveCfg = Release|Any CPU
		{C4D69ABE-51D1-483F-9AEE-BFD7EB5DF6E1}.Release|Any CPU.Build.0 = Release|Any CPU
		{50879523-6CD2-495D-80B9-82C6A2A139C4}.Debug|Any CPU.ActiveCfg = Debug|Any CPU
		{50879523-6CD2-495D-80B9-82C6A2A139C4}.Debug|Any CPU.Build.0 = Debug|Any CPU
		{50879523-6CD2-495D-80B9-82C6A2A139C4}.Release|Any CPU.ActiveCfg = Release|Any CPU
		{50879523-6CD2-495D-80B9-82C6A2A139C4}.Release|Any CPU.Build.0 = Release|Any CPU
		{AE85270D-6526-4C8E-B482-C26F5CF60930}.Debug|Any CPU.ActiveCfg = Debug|Any CPU
		{AE85270D-6526-4C8E-B482-C26F5CF60930}.Debug|Any CPU.Build.0 = Debug|Any CPU
		{AE85270D-6526-4C8E-B482-C26F5CF60930}.Release|Any CPU.ActiveCfg = Release|Any CPU
		{AE85270D-6526-4C8E-B482-C26F5CF60930}.Release|Any CPU.Build.0 = Release|Any CPU
		{A7EE3B2D-FC6E-49F2-A723-BC5E665BDB79}.Debug|Any CPU.ActiveCfg = Debug|Any CPU
		{A7EE3B2D-FC6E-49F2-A723-BC5E665BDB79}.Debug|Any CPU.Build.0 = Debug|Any CPU
		{A7EE3B2D-FC6E-49F2-A723-BC5E665BDB79}.Release|Any CPU.ActiveCfg = Release|Any CPU
		{A7EE3B2D-FC6E-49F2-A723-BC5E665BDB79}.Release|Any CPU.Build.0 = Release|Any CPU
	EndGlobalSection
	GlobalSection(SolutionProperties) = preSolution
		HideSolutionNode = FALSE
	EndGlobalSection
	GlobalSection(ExtensibilityGlobals) = postSolution
		SolutionGuid = {7076F74E-2BB1-4F47-B9B3-A42193E4860B}
	EndGlobalSection
EndGlobal
