
Microsoft Visual Studio Solution File, Format Version 12.00
# Visual Studio Version 16
VisualStudioVersion = 16.0.31410.357
MinimumVisualStudioVersion = 10.0.40219.1
Project("{FAE04EC0-301F-11D3-BF4B-00C04F79EFBC}") = "LabT01.NumbersFromOneToOnehundred", "LabT01.NumbersFromOneToOnehundred\LabT01.NumbersFromOneToOnehundred.csproj", "{AB12B954-08C2-4230-ABF9-902BD73CCF98}"
EndProject
Project("{FAE04EC0-301F-11D3-BF4B-00C04F79EFBC}") = "LabT02.NumbersN1", "LabT02.NumbersN1\LabT02.NumbersN1.csproj", "{D433CB51-854E-465B-96A8-CCEBFC5684AC}"
EndProject
Project("{FAE04EC0-301F-11D3-BF4B-00C04F79EFBC}") = "LabT03. Numbers1NWithStep3", "LabT03. Numbers1NWithStep3\LabT03. Numbers1NWithStep3.csproj", "{60C2964C-1886-422B-8A4F-766D00F37193}"
EndProject
Project("{FAE04EC0-301F-11D3-BF4B-00C04F79EFBC}") = "LabT04.EvenPowersОf2", "ЛабТ04.EvenPowersОf2\LabT04.EvenPowersОf2.csproj", "{43D8CAC0-D164-44E5-AC8F-8AD2624B38CA}"
EndProject
Project("{FAE04EC0-301F-11D3-BF4B-00C04F79EFBC}") = "LabT05.CharacterSequence", "LabT05.CharacterSequence\LabT05.CharacterSequence.csproj", "{BAA63D50-D67A-469F-8FFD-46D663D05F83}"
EndProject
Project("{FAE04EC0-301F-11D3-BF4B-00C04F79EFBC}") = "LabT06.VowelsSum", "LabT06.VowelsSum\LabT06.VowelsSum.csproj", "{242B5F71-9A6B-4CE0-ADB8-2317371CF31F}"
EndProject
Project("{FAE04EC0-301F-11D3-BF4B-00C04F79EFBC}") = "LabT07.SumNumbers", "LabT07.SumNumbers\LabT07.SumNumbers.csproj", "{C857B6D5-0FBD-42E8-9AEB-3AD6E0EDD6C8}"
EndProject
Project("{FAE04EC0-301F-11D3-BF4B-00C04F79EFBC}") = "LabT08.NumberSequence", "LabT08.NumberSequence\LabT08.NumberSequence.csproj", "{C1A79694-1B43-406E-933D-BB77CC63C925}"
EndProject
Project("{FAE04EC0-301F-11D3-BF4B-00C04F79EFBC}") = "LAbT09.LeftAndRightSum", "LAbT09.LeftAndRightSum\LAbT09.LeftAndRightSum.csproj", "{86C32854-CE88-45E4-AB8C-2DE22B67F783}"
EndProject
Project("{FAE04EC0-301F-11D3-BF4B-00C04F79EFBC}") = "LabT10.OddEvenSum", "LabT10.OddEvenSum\LabT10.OddEvenSum.csproj", "{4D61A666-E4CB-4009-BBA6-72B68F0C222E}"
EndProject
Project("{FAE04EC0-301F-11D3-BF4B-00C04F79EFBC}") = "LabT11.CleverLily", "LabT11.CleverLily\LabT11.CleverLily.csproj", "{591D6B4B-F400-430B-8090-841E08E04612}"
EndProject
Global
	GlobalSection(SolutionConfigurationPlatforms) = preSolution
		Debug|Any CPU = Debug|Any CPU
		Release|Any CPU = Release|Any CPU
	EndGlobalSection
	GlobalSection(ProjectConfigurationPlatforms) = postSolution
		{AB12B954-08C2-4230-ABF9-902BD73CCF98}.Debug|Any CPU.ActiveCfg = Debug|Any CPU
		{AB12B954-08C2-4230-ABF9-902BD73CCF98}.Debug|Any CPU.Build.0 = Debug|Any CPU
		{AB12B954-08C2-4230-ABF9-902BD73CCF98}.Release|Any CPU.ActiveCfg = Release|Any CPU
		{AB12B954-08C2-4230-ABF9-902BD73CCF98}.Release|Any CPU.Build.0 = Release|Any CPU
		{D433CB51-854E-465B-96A8-CCEBFC5684AC}.Debug|Any CPU.ActiveCfg = Debug|Any CPU
		{D433CB51-854E-465B-96A8-CCEBFC5684AC}.Debug|Any CPU.Build.0 = Debug|Any CPU
		{D433CB51-854E-465B-96A8-CCEBFC5684AC}.Release|Any CPU.ActiveCfg = Release|Any CPU
		{D433CB51-854E-465B-96A8-CCEBFC5684AC}.Release|Any CPU.Build.0 = Release|Any CPU
		{60C2964C-1886-422B-8A4F-766D00F37193}.Debug|Any CPU.ActiveCfg = Debug|Any CPU
		{60C2964C-1886-422B-8A4F-766D00F37193}.Debug|Any CPU.Build.0 = Debug|Any CPU
		{60C2964C-1886-422B-8A4F-766D00F37193}.Release|Any CPU.ActiveCfg = Release|Any CPU
		{60C2964C-1886-422B-8A4F-766D00F37193}.Release|Any CPU.Build.0 = Release|Any CPU
		{43D8CAC0-D164-44E5-AC8F-8AD2624B38CA}.Debug|Any CPU.ActiveCfg = Debug|Any CPU
		{43D8CAC0-D164-44E5-AC8F-8AD2624B38CA}.Debug|Any CPU.Build.0 = Debug|Any CPU
		{43D8CAC0-D164-44E5-AC8F-8AD2624B38CA}.Release|Any CPU.ActiveCfg = Release|Any CPU
		{43D8CAC0-D164-44E5-AC8F-8AD2624B38CA}.Release|Any CPU.Build.0 = Release|Any CPU
		{BAA63D50-D67A-469F-8FFD-46D663D05F83}.Debug|Any CPU.ActiveCfg = Debug|Any CPU
		{BAA63D50-D67A-469F-8FFD-46D663D05F83}.Debug|Any CPU.Build.0 = Debug|Any CPU
		{BAA63D50-D67A-469F-8FFD-46D663D05F83}.Release|Any CPU.ActiveCfg = Release|Any CPU
		{BAA63D50-D67A-469F-8FFD-46D663D05F83}.Release|Any CPU.Build.0 = Release|Any CPU
		{242B5F71-9A6B-4CE0-ADB8-2317371CF31F}.Debug|Any CPU.ActiveCfg = Debug|Any CPU
		{242B5F71-9A6B-4CE0-ADB8-2317371CF31F}.Debug|Any CPU.Build.0 = Debug|Any CPU
		{242B5F71-9A6B-4CE0-ADB8-2317371CF31F}.Release|Any CPU.ActiveCfg = Release|Any CPU
		{242B5F71-9A6B-4CE0-ADB8-2317371CF31F}.Release|Any CPU.Build.0 = Release|Any CPU
		{C857B6D5-0FBD-42E8-9AEB-3AD6E0EDD6C8}.Debug|Any CPU.ActiveCfg = Debug|Any CPU
		{C857B6D5-0FBD-42E8-9AEB-3AD6E0EDD6C8}.Debug|Any CPU.Build.0 = Debug|Any CPU
		{C857B6D5-0FBD-42E8-9AEB-3AD6E0EDD6C8}.Release|Any CPU.ActiveCfg = Release|Any CPU
		{C857B6D5-0FBD-42E8-9AEB-3AD6E0EDD6C8}.Release|Any CPU.Build.0 = Release|Any CPU
		{C1A79694-1B43-406E-933D-BB77CC63C925}.Debug|Any CPU.ActiveCfg = Debug|Any CPU
		{C1A79694-1B43-406E-933D-BB77CC63C925}.Debug|Any CPU.Build.0 = Debug|Any CPU
		{C1A79694-1B43-406E-933D-BB77CC63C925}.Release|Any CPU.ActiveCfg = Release|Any CPU
		{C1A79694-1B43-406E-933D-BB77CC63C925}.Release|Any CPU.Build.0 = Release|Any CPU
		{86C32854-CE88-45E4-AB8C-2DE22B67F783}.Debug|Any CPU.ActiveCfg = Debug|Any CPU
		{86C32854-CE88-45E4-AB8C-2DE22B67F783}.Debug|Any CPU.Build.0 = Debug|Any CPU
		{86C32854-CE88-45E4-AB8C-2DE22B67F783}.Release|Any CPU.ActiveCfg = Release|Any CPU
		{86C32854-CE88-45E4-AB8C-2DE22B67F783}.Release|Any CPU.Build.0 = Release|Any CPU
		{4D61A666-E4CB-4009-BBA6-72B68F0C222E}.Debug|Any CPU.ActiveCfg = Debug|Any CPU
		{4D61A666-E4CB-4009-BBA6-72B68F0C222E}.Debug|Any CPU.Build.0 = Debug|Any CPU
		{4D61A666-E4CB-4009-BBA6-72B68F0C222E}.Release|Any CPU.ActiveCfg = Release|Any CPU
		{4D61A666-E4CB-4009-BBA6-72B68F0C222E}.Release|Any CPU.Build.0 = Release|Any CPU
		{591D6B4B-F400-430B-8090-841E08E04612}.Debug|Any CPU.ActiveCfg = Debug|Any CPU
		{591D6B4B-F400-430B-8090-841E08E04612}.Debug|Any CPU.Build.0 = Debug|Any CPU
		{591D6B4B-F400-430B-8090-841E08E04612}.Release|Any CPU.ActiveCfg = Release|Any CPU
		{591D6B4B-F400-430B-8090-841E08E04612}.Release|Any CPU.Build.0 = Release|Any CPU
	EndGlobalSection
	GlobalSection(SolutionProperties) = preSolution
		HideSolutionNode = FALSE
	EndGlobalSection
	GlobalSection(ExtensibilityGlobals) = postSolution
		SolutionGuid = {49872ED6-2217-4CD2-AF6F-6FE10D3B4154}
	EndGlobalSection
EndGlobal
